
Microsoft Visual Studio Solution File, Format Version 12.00
# Visual Studio Version 17
VisualStudioVersion = 17.9.34728.123
MinimumVisualStudioVersion = 10.0.40219.1
Project("{FAE04EC0-301F-11D3-BF4B-00C04F79EFBC}") = "1 lp", "1 lp\1 lp.csproj", "{EA7E8D5A-B12B-4AFB-8E8B-2CB639A8595A}"
EndProject
Global
	GlobalSection(SolutionConfigurationPlatforms) = preSolution
		Debug|Any CPU = Debug|Any CPU
		Release|Any CPU = Release|Any CPU
	EndGlobalSection
	GlobalSection(ProjectConfigurationPlatforms) = postSolution
		{EA7E8D5A-B12B-4AFB-8E8B-2CB639A8595A}.Debug|Any CPU.ActiveCfg = Debug|Any CPU
		{EA7E8D5A-B12B-4AFB-8E8B-2CB639A8595A}.Debug|Any CPU.Build.0 = Debug|Any CPU
		{EA7E8D5A-B12B-4AFB-8E8B-2CB639A8595A}.Release|Any CPU.ActiveCfg = Release|Any CPU
		{EA7E8D5A-B12B-4AFB-8E8B-2CB639A8595A}.Release|Any CPU.Build.0 = Release|Any CPU
	EndGlobalSection
	GlobalSection(SolutionProperties) = preSolution
		HideSolutionNode = FALSE
	EndGlobalSection
	GlobalSection(ExtensibilityGlobals) = postSolution
		SolutionGuid = {4BC18261-8DC6-43E7-9094-209022E2E0D0}
	EndGlobalSection
EndGlobal
