
Microsoft Visual Studio Solution File, Format Version 12.00
# Visual Studio Version 17
VisualStudioVersion = 17.9.34728.123
MinimumVisualStudioVersion = 10.0.40219.1
Project("{FAE04EC0-301F-11D3-BF4B-00C04F79EFBC}") = "7 задание", "7 задание\7 задание.csproj", "{34A2D85A-82F8-46DF-B037-7409EBB8BBC5}"
EndProject
Global
	GlobalSection(SolutionConfigurationPlatforms) = preSolution
		Debug|Any CPU = Debug|Any CPU
		Release|Any CPU = Release|Any CPU
	EndGlobalSection
	GlobalSection(ProjectConfigurationPlatforms) = postSolution
		{34A2D85A-82F8-46DF-B037-7409EBB8BBC5}.Debug|Any CPU.ActiveCfg = Debug|Any CPU
		{34A2D85A-82F8-46DF-B037-7409EBB8BBC5}.Debug|Any CPU.Build.0 = Debug|Any CPU
		{34A2D85A-82F8-46DF-B037-7409EBB8BBC5}.Release|Any CPU.ActiveCfg = Release|Any CPU
		{34A2D85A-82F8-46DF-B037-7409EBB8BBC5}.Release|Any CPU.Build.0 = Release|Any CPU
	EndGlobalSection
	GlobalSection(SolutionProperties) = preSolution
		HideSolutionNode = FALSE
	EndGlobalSection
	GlobalSection(ExtensibilityGlobals) = postSolution
		SolutionGuid = {22864AB7-049D-401F-8997-86139BC99CE4}
	EndGlobalSection
EndGlobal
