
Microsoft Visual Studio Solution File, Format Version 12.00
# Visual Studio Version 17
VisualStudioVersion = 17.9.34728.123
MinimumVisualStudioVersion = 10.0.40219.1
Project("{FAE04EC0-301F-11D3-BF4B-00C04F79EFBC}") = "6 lp", "6 lp\6 lp.csproj", "{894886F1-0753-426F-B8C8-DA6308FC22C8}"
EndProject
Global
	GlobalSection(SolutionConfigurationPlatforms) = preSolution
		Debug|Any CPU = Debug|Any CPU
		Release|Any CPU = Release|Any CPU
	EndGlobalSection
	GlobalSection(ProjectConfigurationPlatforms) = postSolution
		{894886F1-0753-426F-B8C8-DA6308FC22C8}.Debug|Any CPU.ActiveCfg = Debug|Any CPU
		{894886F1-0753-426F-B8C8-DA6308FC22C8}.Debug|Any CPU.Build.0 = Debug|Any CPU
		{894886F1-0753-426F-B8C8-DA6308FC22C8}.Release|Any CPU.ActiveCfg = Release|Any CPU
		{894886F1-0753-426F-B8C8-DA6308FC22C8}.Release|Any CPU.Build.0 = Release|Any CPU
	EndGlobalSection
	GlobalSection(SolutionProperties) = preSolution
		HideSolutionNode = FALSE
	EndGlobalSection
	GlobalSection(ExtensibilityGlobals) = postSolution
		SolutionGuid = {2344A649-281E-4E13-8973-C2B6F188D93C}
	EndGlobalSection
EndGlobal
